
Microsoft Visual Studio Solution File, Format Version 12.00
# Visual Studio Version 16
VisualStudioVersion = 16.0.30225.117
MinimumVisualStudioVersion = 10.0.40219.1
Project("{FAE04EC0-301F-11D3-BF4B-00C04F79EFBC}") = "Project", "Project\Project.csproj", "{656BBE1A-5F18-4609-BD61-49AE5B5F180E}"
EndProject
Global
	GlobalSection(SolutionConfigurationPlatforms) = preSolution
		Debug|Any CPU = Debug|Any CPU
		Release|Any CPU = Release|Any CPU
	EndGlobalSection
	GlobalSection(ProjectConfigurationPlatforms) = postSolution
		{656BBE1A-5F18-4609-BD61-49AE5B5F180E}.Debug|Any CPU.ActiveCfg = Debug|Any CPU
		{656BBE1A-5F18-4609-BD61-49AE5B5F180E}.Debug|Any CPU.Build.0 = Debug|Any CPU
		{656BBE1A-5F18-4609-BD61-49AE5B5F180E}.Release|Any CPU.ActiveCfg = Release|Any CPU
		{656BBE1A-5F18-4609-BD61-49AE5B5F180E}.Release|Any CPU.Build.0 = Release|Any CPU
	EndGlobalSection
	GlobalSection(SolutionProperties) = preSolution
		HideSolutionNode = FALSE
	EndGlobalSection
	GlobalSection(ExtensibilityGlobals) = postSolution
		SolutionGuid = {2ADF8605-0C33-4CE5-A43B-1CCF92BCFA8A}
	EndGlobalSection
EndGlobal
